
Microsoft Visual Studio Solution File, Format Version 12.00
# Visual Studio Version 17
VisualStudioVersion = 17.11.35219.272
MinimumVisualStudioVersion = 10.0.40219.1
Project("{FAE04EC0-301F-11D3-BF4B-00C04F79EFBC}") = "TrueSound", "TrueSound.csproj", "{390E8688-8D33-425D-A370-4AE826996663}"
EndProject
Global
	GlobalSection(SolutionConfigurationPlatforms) = preSolution
		Debug|Any CPU = Debug|Any CPU
		Release|Any CPU = Release|Any CPU
	EndGlobalSection
	GlobalSection(ProjectConfigurationPlatforms) = postSolution
		{390E8688-8D33-425D-A370-4AE826996663}.Debug|Any CPU.ActiveCfg = Debug|Any CPU
		{390E8688-8D33-425D-A370-4AE826996663}.Debug|Any CPU.Build.0 = Debug|Any CPU
		{390E8688-8D33-425D-A370-4AE826996663}.Release|Any CPU.ActiveCfg = Release|Any CPU
		{390E8688-8D33-425D-A370-4AE826996663}.Release|Any CPU.Build.0 = Release|Any CPU
	EndGlobalSection
	GlobalSection(SolutionProperties) = preSolution
		HideSolutionNode = FALSE
	EndGlobalSection
	GlobalSection(ExtensibilityGlobals) = postSolution
		SolutionGuid = {C28131EB-7D81-4A9D-9B3F-422E4BD292C1}
	EndGlobalSection
EndGlobal
